
Microsoft Visual Studio Solution File, Format Version 12.00
# Visual Studio Version 17
VisualStudioVersion = 17.5.33530.505
MinimumVisualStudioVersion = 10.0.40219.1
Project("{FAE04EC0-301F-11D3-BF4B-00C04F79EFBC}") = "MalakaviyAmaliyot", "MalakaviyAmaliyot\MalakaviyAmaliyot.csproj", "{96D890CC-30D1-4926-9B04-2AE6069E5694}"
EndProject
Project("{FAE04EC0-301F-11D3-BF4B-00C04F79EFBC}") = "2-Topshieriq", "2-Topshieriq\2-Topshieriq.csproj", "{6E570F74-0081-4F24-B4BF-50A428F77506}"
EndProject
Project("{FAE04EC0-301F-11D3-BF4B-00C04F79EFBC}") = "3-Topshiriq", "3-Topshiriq\3-Topshiriq.csproj", "{B2D5E47E-28A8-43F6-8706-7C6D5DA045D7}"
EndProject
Project("{FAE04EC0-301F-11D3-BF4B-00C04F79EFBC}") = "4-Topshiriq", "4-Topshiriq\4-Topshiriq.csproj", "{C015BBA0-F74A-4D4C-8743-0A9B32EDF110}"
EndProject
Global
	GlobalSection(SolutionConfigurationPlatforms) = preSolution
		Debug|Any CPU = Debug|Any CPU
		Release|Any CPU = Release|Any CPU
	EndGlobalSection
	GlobalSection(ProjectConfigurationPlatforms) = postSolution
		{96D890CC-30D1-4926-9B04-2AE6069E5694}.Debug|Any CPU.ActiveCfg = Debug|Any CPU
		{96D890CC-30D1-4926-9B04-2AE6069E5694}.Debug|Any CPU.Build.0 = Debug|Any CPU
		{96D890CC-30D1-4926-9B04-2AE6069E5694}.Release|Any CPU.ActiveCfg = Release|Any CPU
		{96D890CC-30D1-4926-9B04-2AE6069E5694}.Release|Any CPU.Build.0 = Release|Any CPU
		{6E570F74-0081-4F24-B4BF-50A428F77506}.Debug|Any CPU.ActiveCfg = Debug|Any CPU
		{6E570F74-0081-4F24-B4BF-50A428F77506}.Debug|Any CPU.Build.0 = Debug|Any CPU
		{6E570F74-0081-4F24-B4BF-50A428F77506}.Release|Any CPU.ActiveCfg = Release|Any CPU
		{6E570F74-0081-4F24-B4BF-50A428F77506}.Release|Any CPU.Build.0 = Release|Any CPU
		{B2D5E47E-28A8-43F6-8706-7C6D5DA045D7}.Debug|Any CPU.ActiveCfg = Debug|Any CPU
		{B2D5E47E-28A8-43F6-8706-7C6D5DA045D7}.Debug|Any CPU.Build.0 = Debug|Any CPU
		{B2D5E47E-28A8-43F6-8706-7C6D5DA045D7}.Release|Any CPU.ActiveCfg = Release|Any CPU
		{B2D5E47E-28A8-43F6-8706-7C6D5DA045D7}.Release|Any CPU.Build.0 = Release|Any CPU
		{C015BBA0-F74A-4D4C-8743-0A9B32EDF110}.Debug|Any CPU.ActiveCfg = Debug|Any CPU
		{C015BBA0-F74A-4D4C-8743-0A9B32EDF110}.Debug|Any CPU.Build.0 = Debug|Any CPU
		{C015BBA0-F74A-4D4C-8743-0A9B32EDF110}.Release|Any CPU.ActiveCfg = Release|Any CPU
		{C015BBA0-F74A-4D4C-8743-0A9B32EDF110}.Release|Any CPU.Build.0 = Release|Any CPU
	EndGlobalSection
	GlobalSection(SolutionProperties) = preSolution
		HideSolutionNode = FALSE
	EndGlobalSection
	GlobalSection(ExtensibilityGlobals) = postSolution
		SolutionGuid = {8355B1C0-C682-4104-9C7D-7CCE628B559C}
	EndGlobalSection
EndGlobal
